
Microsoft Visual Studio Solution File, Format Version 12.00
# Visual Studio Version 16
VisualStudioVersion = 16.0.30907.101
MinimumVisualStudioVersion = 10.0.40219.1
Project("{9A19103F-16F7-4668-BE54-9A1E7A4F7556}") = "Test2", "Test2\Test2.csproj", "{96AA42A7-6E21-48B8-ABDF-81B2F8668038}"
EndProject
Project("{9A19103F-16F7-4668-BE54-9A1E7A4F7556}") = "APICRUD", "APICRUD\APICRUD.csproj", "{76946032-0807-4228-B416-0926013059AA}"
EndProject
Project("{FAE04EC0-301F-11D3-BF4B-00C04F79EFBC}") = "CRUDDATA", "CRUDDATA\CRUDDATA.csproj", "{5D6C63E6-5A18-419D-8AA2-78B57215DE79}"
EndProject
Project("{FAE04EC0-301F-11D3-BF4B-00C04F79EFBC}") = "CRUDBAL", "CRUDBAL\CRUDBAL.csproj", "{C9E4A452-29D5-4292-A8C1-A8CE4CF3D355}"
EndProject
Global
	GlobalSection(SolutionConfigurationPlatforms) = preSolution
		Debug|Any CPU = Debug|Any CPU
		Release|Any CPU = Release|Any CPU
	EndGlobalSection
	GlobalSection(ProjectConfigurationPlatforms) = postSolution
		{96AA42A7-6E21-48B8-ABDF-81B2F8668038}.Debug|Any CPU.ActiveCfg = Debug|Any CPU
		{96AA42A7-6E21-48B8-ABDF-81B2F8668038}.Debug|Any CPU.Build.0 = Debug|Any CPU
		{96AA42A7-6E21-48B8-ABDF-81B2F8668038}.Release|Any CPU.ActiveCfg = Release|Any CPU
		{96AA42A7-6E21-48B8-ABDF-81B2F8668038}.Release|Any CPU.Build.0 = Release|Any CPU
		{76946032-0807-4228-B416-0926013059AA}.Debug|Any CPU.ActiveCfg = Debug|Any CPU
		{76946032-0807-4228-B416-0926013059AA}.Debug|Any CPU.Build.0 = Debug|Any CPU
		{76946032-0807-4228-B416-0926013059AA}.Release|Any CPU.ActiveCfg = Release|Any CPU
		{76946032-0807-4228-B416-0926013059AA}.Release|Any CPU.Build.0 = Release|Any CPU
		{5D6C63E6-5A18-419D-8AA2-78B57215DE79}.Debug|Any CPU.ActiveCfg = Debug|Any CPU
		{5D6C63E6-5A18-419D-8AA2-78B57215DE79}.Debug|Any CPU.Build.0 = Debug|Any CPU
		{5D6C63E6-5A18-419D-8AA2-78B57215DE79}.Release|Any CPU.ActiveCfg = Release|Any CPU
		{5D6C63E6-5A18-419D-8AA2-78B57215DE79}.Release|Any CPU.Build.0 = Release|Any CPU
		{C9E4A452-29D5-4292-A8C1-A8CE4CF3D355}.Debug|Any CPU.ActiveCfg = Debug|Any CPU
		{C9E4A452-29D5-4292-A8C1-A8CE4CF3D355}.Debug|Any CPU.Build.0 = Debug|Any CPU
		{C9E4A452-29D5-4292-A8C1-A8CE4CF3D355}.Release|Any CPU.ActiveCfg = Release|Any CPU
		{C9E4A452-29D5-4292-A8C1-A8CE4CF3D355}.Release|Any CPU.Build.0 = Release|Any CPU
	EndGlobalSection
	GlobalSection(SolutionProperties) = preSolution
		HideSolutionNode = FALSE
	EndGlobalSection
	GlobalSection(ExtensibilityGlobals) = postSolution
		SolutionGuid = {CCAD1DB2-6E7E-4FA9-956E-5E3EA231BBE3}
	EndGlobalSection
EndGlobal
